
Microsoft Visual Studio Solution File, Format Version 12.00
# Visual Studio Version 16
VisualStudioVersion = 16.0.31829.152
MinimumVisualStudioVersion = 10.0.40219.1
Project("{8BC9CEB8-8B4A-11D0-8D11-00A0C91BC942}") = "Functions", "Functions.vcxproj", "{F22903E2-F32C-43A9-B9BD-C6AA3177F819}"
EndProject
Global
	GlobalSection(SolutionConfigurationPlatforms) = preSolution
		Debug|x64 = Debug|x64
		Debug|x86 = Debug|x86
		Release|x64 = Release|x64
		Release|x86 = Release|x86
	EndGlobalSection
	GlobalSection(ProjectConfigurationPlatforms) = postSolution
		{F22903E2-F32C-43A9-B9BD-C6AA3177F819}.Debug|x64.ActiveCfg = Debug|x64
		{F22903E2-F32C-43A9-B9BD-C6AA3177F819}.Debug|x64.Build.0 = Debug|x64
		{F22903E2-F32C-43A9-B9BD-C6AA3177F819}.Debug|x86.ActiveCfg = Debug|Win32
		{F22903E2-F32C-43A9-B9BD-C6AA3177F819}.Debug|x86.Build.0 = Debug|Win32
		{F22903E2-F32C-43A9-B9BD-C6AA3177F819}.Release|x64.ActiveCfg = Release|x64
		{F22903E2-F32C-43A9-B9BD-C6AA3177F819}.Release|x64.Build.0 = Release|x64
		{F22903E2-F32C-43A9-B9BD-C6AA3177F819}.Release|x86.ActiveCfg = Release|Win32
		{F22903E2-F32C-43A9-B9BD-C6AA3177F819}.Release|x86.Build.0 = Release|Win32
	EndGlobalSection
	GlobalSection(SolutionProperties) = preSolution
		HideSolutionNode = FALSE
	EndGlobalSection
	GlobalSection(ExtensibilityGlobals) = postSolution
		SolutionGuid = {E4DE3C65-8005-41F4-8DC8-759C1EE9E9A5}
	EndGlobalSection
EndGlobal
